
Microsoft Visual Studio Solution File, Format Version 12.00
# Visual Studio Version 16
VisualStudioVersion = 16.0.30011.22
MinimumVisualStudioVersion = 10.0.40219.1
Project("{FAE04EC0-301F-11D3-BF4B-00C04F79EFBC}") = "FireWebSite", "FireWebSite.csproj", "{A928BF07-3C94-41AF-AE2B-9BE7D9141C90}"
EndProject
Global
	GlobalSection(SolutionConfigurationPlatforms) = preSolution
		Debug|Any CPU = Debug|Any CPU
		Release|Any CPU = Release|Any CPU
	EndGlobalSection
	GlobalSection(ProjectConfigurationPlatforms) = postSolution
		{A928BF07-3C94-41AF-AE2B-9BE7D9141C90}.Debug|Any CPU.ActiveCfg = Debug|Any CPU
		{A928BF07-3C94-41AF-AE2B-9BE7D9141C90}.Debug|Any CPU.Build.0 = Debug|Any CPU
		{A928BF07-3C94-41AF-AE2B-9BE7D9141C90}.Release|Any CPU.ActiveCfg = Release|Any CPU
		{A928BF07-3C94-41AF-AE2B-9BE7D9141C90}.Release|Any CPU.Build.0 = Release|Any CPU
	EndGlobalSection
	GlobalSection(SolutionProperties) = preSolution
		HideSolutionNode = FALSE
	EndGlobalSection
	GlobalSection(ExtensibilityGlobals) = postSolution
		SolutionGuid = {FAFFB6D8-3F18-4F2A-A302-2C30B4F4227D}
	EndGlobalSection
EndGlobal
